
Microsoft Visual Studio Solution File, Format Version 12.00
# Visual Studio Version 17
VisualStudioVersion = 17.11.35312.102
MinimumVisualStudioVersion = 10.0.40219.1
Project("{9A19103F-16F7-4668-BE54-9A1E7A4F7556}") = "HitBoxVisualizerPlugin", "HitBoxVisualizerPlugin.csproj", "{E860CADC-C709-44EB-89A8-D8C019B44579}"
EndProject
Global
	GlobalSection(SolutionConfigurationPlatforms) = preSolution
		Debug|Any CPU = Debug|Any CPU
		Release|Any CPU = Release|Any CPU
	EndGlobalSection
	GlobalSection(ProjectConfigurationPlatforms) = postSolution
		{E860CADC-C709-44EB-89A8-D8C019B44579}.Debug|Any CPU.ActiveCfg = Debug|Any CPU
		{E860CADC-C709-44EB-89A8-D8C019B44579}.Debug|Any CPU.Build.0 = Debug|Any CPU
		{E860CADC-C709-44EB-89A8-D8C019B44579}.Release|Any CPU.ActiveCfg = Release|Any CPU
		{E860CADC-C709-44EB-89A8-D8C019B44579}.Release|Any CPU.Build.0 = Release|Any CPU
	EndGlobalSection
	GlobalSection(SolutionProperties) = preSolution
		HideSolutionNode = FALSE
	EndGlobalSection
	GlobalSection(ExtensibilityGlobals) = postSolution
		SolutionGuid = {081A8C89-EA3D-45AC-9692-68AF9C2DB70F}
	EndGlobalSection
EndGlobal
